// !$*UTF8*$!
{
	archiveVersion = 1;
	classes = {
	};
	objectVersion = 77;
	objects = {

/* Begin PBXBuildFile section */
		EDBE3ED72E5A331E00827392 /* FirebaseAuth in Frameworks */ = {isa = PBXBuildFile; productRef = EDBE3ED62E5A331E00827392 /* FirebaseAuth */; };
		EDBE3ED92E5A331E00827392 /* FirebaseAuthCombine-Community in Frameworks */ = {isa = PBXBuildFile; productRef = EDBE3ED82E5A331E00827392 /* FirebaseAuthCombine-Community */; };
		EDBE3EDB2E5A331E00827392 /* FirebaseCore in Frameworks */ = {isa = PBXBuildFile; productRef = EDBE3EDA2E5A331E00827392 /* FirebaseCore */; };
		EDBE3EDD2E5A331E00827392 /* FirebaseFirestore in Frameworks */ = {isa = PBXBuildFile; productRef = EDBE3EDC2E5A331E00827392 /* FirebaseFirestore */; };
		EDBE3EDF2E5A331E00827392 /* FirebaseFirestoreCombine-Community in Frameworks */ = {isa = PBXBuildFile; productRef = EDBE3EDE2E5A331E00827392 /* FirebaseFirestoreCombine-Community */; };
		EDBE3EE12E5A331E00827392 /* FirebaseFunctions in Frameworks */ = {isa = PBXBuildFile; productRef = EDBE3EE02E5A331E00827392 /* FirebaseFunctions */; };
		EDBE3EE32E5A331E00827392 /* FirebaseStorage in Frameworks */ = {isa = PBXBuildFile; productRef = EDBE3EE22E5A331E00827392 /* FirebaseStorage */; };
		EDBE3EE52E5A331E00827392 /* FirebaseStorageCombine-Community in Frameworks */ = {isa = PBXBuildFile; productRef = EDBE3EE42E5A331E00827392 /* FirebaseStorageCombine-Community */; };
/* End PBXBuildFile section */

/* Begin PBXFileReference section */
		EDBE3EB42E5A300000827392 /* timetracker.app */ = {isa = PBXFileReference; explicitFileType = wrapper.application; includeInIndex = 0; path = timetracker.app; sourceTree = BUILT_PRODUCTS_DIR; };
/* End PBXFileReference section */

/* Begin PBXFileSystemSynchronizedRootGroup section */
		EDBE3EB62E5A300000827392 /* timetracker */ = {
			isa = PBXFileSystemSynchronizedRootGroup;
			path = timetracker;
			sourceTree = "<group>";
		};
/* End PBXFileSystemSynchronizedRootGroup section */

/* Begin PBXFrameworksBuildPhase section */
		EDBE3EB12E5A300000827392 /* Frameworks */ = {
			isa = PBXFrameworksBuildPhase;
			buildActionMask = 2147483647;
			files = (
				EDBE3ED72E5A331E00827392 /* FirebaseAuth in Frameworks */,
				EDBE3EDD2E5A331E00827392 /* FirebaseFirestore in Frameworks */,
				EDBE3EE52E5A331E00827392 /* FirebaseStorageCombine-Community in Frameworks */,
				EDBE3EDB2E5A331E00827392 /* FirebaseCore in Frameworks */,
				EDBE3EE12E5A331E00827392 /* FirebaseFunctions in Frameworks */,
				EDBE3EE32E5A331E00827392 /* FirebaseStorage in Frameworks */,
				EDBE3EDF2E5A331E00827392 /* FirebaseFirestoreCombine-Community in Frameworks */,
				EDBE3ED92E5A331E00827392 /* FirebaseAuthCombine-Community in Frameworks */,
			);
			runOnlyForDeploymentPostprocessing = 0;
		};
/* End PBXFrameworksBuildPhase section */

/* Begin PBXGroup section */
		EDBE3EAB2E5A300000827392 = {
			isa = PBXGroup;
			children = (
				EDBE3EB62E5A300000827392 /* timetracker */,
				EDBE3EB52E5A300000827392 /* Products */,
			);
			sourceTree = "<group>";
		};
		EDBE3EB52E5A300000827392 /* Products */ = {
			isa = PBXGroup;
			children = (
				EDBE3EB42E5A300000827392 /* timetracker.app */,
			);
			name = Products;
			sourceTree = "<group>";
		};
/* End PBXGroup section */

/* Begin PBXNativeTarget section */
		EDBE3EB32E5A300000827392 /* timetracker */ = {
			isa = PBXNativeTarget;
			buildConfigurationList = EDBE3EC02E5A300300827392 /* Build configuration list for PBXNativeTarget "timetracker" */;
			buildPhases = (
				EDBE3EB02E5A300000827392 /* Sources */,
				EDBE3EB12E5A300000827392 /* Frameworks */,
				EDBE3EB22E5A300000827392 /* Resources */,
			);
			buildRules = (
			);
			dependencies = (
			);
			fileSystemSynchronizedGroups = (
				EDBE3EB62E5A300000827392 /* timetracker */,
			);
			name = timetracker;
			packageProductDependencies = (
				EDBE3ED62E5A331E00827392 /* FirebaseAuth */,
				EDBE3ED82E5A331E00827392 /* FirebaseAuthCombine-Community */,
				EDBE3EDA2E5A331E00827392 /* FirebaseCore */,
				EDBE3EDC2E5A331E00827392 /* FirebaseFirestore */,
				EDBE3EDE2E5A331E00827392 /* FirebaseFirestoreCombine-Community */,
				EDBE3EE02E5A331E00827392 /* FirebaseFunctions */,
				EDBE3EE22E5A331E00827392 /* FirebaseStorage */,
				EDBE3EE42E5A331E00827392 /* FirebaseStorageCombine-Community */,
			);
			productName = timetracker;
			productReference = EDBE3EB42E5A300000827392 /* timetracker.app */;
			productType = "com.apple.product-type.application";
		};
/* End PBXNativeTarget section */

/* Begin PBXProject section */
		EDBE3EAC2E5A300000827392 /* Project object */ = {
			isa = PBXProject;
			attributes = {
				BuildIndependentTargetsInParallel = 1;
				LastSwiftUpdateCheck = 1640;
				LastUpgradeCheck = 1640;
				TargetAttributes = {
					EDBE3EB32E5A300000827392 = {
						CreatedOnToolsVersion = 16.4;
					};
				};
			};
			buildConfigurationList = EDBE3EAF2E5A300000827392 /* Build configuration list for PBXProject "timetracker" */;
			developmentRegion = en;
			hasScannedForEncodings = 0;
			knownRegions = (
				en,
				Base,
			);
			mainGroup = EDBE3EAB2E5A300000827392;
			minimizedProjectReferenceProxies = 1;
			packageReferences = (
				EDBE3ED52E5A331E00827392 /* XCRemoteSwiftPackageReference "firebase-ios-sdk" */,
			);
			preferredProjectObjectVersion = 77;
			productRefGroup = EDBE3EB52E5A300000827392 /* Products */;
			projectDirPath = "";
			projectRoot = "";
			targets = (
				EDBE3EB32E5A300000827392 /* timetracker */,
			);
		};
/* End PBXProject section */

/* Begin PBXResourcesBuildPhase section */
		EDBE3EB22E5A300000827392 /* Resources */ = {
			isa = PBXResourcesBuildPhase;
			buildActionMask = 2147483647;
			files = (
			);
			runOnlyForDeploymentPostprocessing = 0;
		};
/* End PBXResourcesBuildPhase section */

/* Begin PBXSourcesBuildPhase section */
		EDBE3EB02E5A300000827392 /* Sources */ = {
			isa = PBXSourcesBuildPhase;
			buildActionMask = 2147483647;
			files = (
			);
			runOnlyForDeploymentPostprocessing = 0;
		};
/* End PBXSourcesBuildPhase section */

/* Begin XCBuildConfiguration section */
		EDBE3EBE2E5A300300827392 /* Debug */ = {
			isa = XCBuildConfiguration;
			buildSettings = {
				ALWAYS_SEARCH_USER_PATHS = NO;
				ASSETCATALOG_COMPILER_GENERATE_SWIFT_ASSET_SYMBOL_EXTENSIONS = YES;
				CLANG_ANALYZER_NONNULL = YES;
				CLANG_ANALYZER_NUMBER_OBJECT_CONVERSION = YES_AGGRESSIVE;
				CLANG_CXX_LANGUAGE_STANDARD = "gnu++20";
				CLANG_ENABLE_MODULES = YES;
				CLANG_ENABLE_OBJC_ARC = YES;
				CLANG_ENABLE_OBJC_WEAK = YES;
				CLANG_WARN_BLOCK_CAPTURE_AUTORELEASING = YES;
				CLANG_WARN_BOOL_CONVERSION = YES;
				CLANG_WARN_COMMA = YES;
				CLANG_WARN_CONSTANT_CONVERSION = YES;
				CLANG_WARN_DEPRECATED_OBJC_IMPLEMENTATIONS = YES;
				CLANG_WARN_DIRECT_OBJC_ISA_USAGE = YES_ERROR;
				CLANG_WARN_DOCUMENTATION_COMMENTS = YES;
				CLANG_WARN_EMPTY_BODY = YES;
				CLANG_WARN_ENUM_CONVERSION = YES;
				CLANG_WARN_INFINITE_RECURSION = YES;
				CLANG_WARN_INT_CONVERSION = YES;
				CLANG_WARN_NON_LITERAL_NULL_CONVERSION = YES;
				CLANG_WARN_OBJC_IMPLICIT_RETAIN_SELF = YES;
				CLANG_WARN_OBJC_LITERAL_CONVERSION = YES;
				CLANG_WARN_OBJC_ROOT_CLASS = YES_ERROR;
				CLANG_WARN_QUOTED_INCLUDE_IN_FRAMEWORK_HEADER = YES;
				CLANG_WARN_RANGE_LOOP_ANALYSIS = YES;
				CLANG_WARN_STRICT_PROTOTYPES = YES;
				CLANG_WARN_SUSPICIOUS_MOVE = YES;
				CLANG_WARN_UNGUARDED_AVAILABILITY = YES_AGGRESSIVE;
				CLANG_WARN_UNREACHABLE_CODE = YES;
				CLANG_WARN__DUPLICATE_METHOD_MATCH = YES;
				COPY_PHASE_STRIP = NO;
				DEBUG_INFORMATION_FORMAT = dwarf;
				DEVELOPMENT_TEAM = 26VBLN4THK;
				ENABLE_STRICT_OBJC_MSGSEND = YES;
				ENABLE_TESTABILITY = YES;
				ENABLE_USER_SCRIPT_SANDBOXING = YES;
				GCC_C_LANGUAGE_STANDARD = gnu17;
				GCC_DYNAMIC_NO_PIC = NO;
				GCC_NO_COMMON_BLOCKS = YES;
				GCC_OPTIMIZATION_LEVEL = 0;
				GCC_PREPROCESSOR_DEFINITIONS = (
					"DEBUG=1",
					"$(inherited)",
				);
				GCC_WARN_64_TO_32_BIT_CONVERSION = YES;
				GCC_WARN_ABOUT_RETURN_TYPE = YES_ERROR;
				GCC_WARN_UNDECLARED_SELECTOR = YES;
				GCC_WARN_UNINITIALIZED_AUTOS = YES_AGGRESSIVE;
				GCC_WARN_UNUSED_FUNCTION = YES;
				GCC_WARN_UNUSED_VARIABLE = YES;
				LOCALIZATION_PREFERS_STRING_CATALOGS = YES;
				MACOSX_DEPLOYMENT_TARGET = 15.5;
				MTL_ENABLE_DEBUG_INFO = INCLUDE_SOURCE;
				MTL_FAST_MATH = YES;
				ONLY_ACTIVE_ARCH = YES;
				SDKROOT = macosx;
				SWIFT_ACTIVE_COMPILATION_CONDITIONS = "DEBUG $(inherited)";
				SWIFT_OPTIMIZATION_LEVEL = "-Onone";
			};
			name = Debug;
		};
		EDBE3EBF2E5A300300827392 /* Release */ = {
			isa = XCBuildConfiguration;
			buildSettings = {
				ALWAYS_SEARCH_USER_PATHS = NO;
				ASSETCATALOG_COMPILER_GENERATE_SWIFT_ASSET_SYMBOL_EXTENSIONS = YES;
				CLANG_ANALYZER_NONNULL = YES;
				CLANG_ANALYZER_NUMBER_OBJECT_CONVERSION = YES_AGGRESSIVE;
				CLANG_CXX_LANGUAGE_STANDARD = "gnu++20";
				CLANG_ENABLE_MODULES = YES;
				CLANG_ENABLE_OBJC_ARC = YES;
				CLANG_ENABLE_OBJC_WEAK = YES;
				CLANG_WARN_BLOCK_CAPTURE_AUTORELEASING = YES;
				CLANG_WARN_BOOL_CONVERSION = YES;
				CLANG_WARN_COMMA = YES;
				CLANG_WARN_CONSTANT_CONVERSION = YES;
				CLANG_WARN_DEPRECATED_OBJC_IMPLEMENTATIONS = YES;
				CLANG_WARN_DIRECT_OBJC_ISA_USAGE = YES_ERROR;
				CLANG_WARN_DOCUMENTATION_COMMENTS = YES;
				CLANG_WARN_EMPTY_BODY = YES;
				CLANG_WARN_ENUM_CONVERSION = YES;
				CLANG_WARN_INFINITE_RECURSION = YES;
				CLANG_WARN_INT_CONVERSION = YES;
				CLANG_WARN_NON_LITERAL_NULL_CONVERSION = YES;
				CLANG_WARN_OBJC_IMPLICIT_RETAIN_SELF = YES;
				CLANG_WARN_OBJC_LITERAL_CONVERSION = YES;
				CLANG_WARN_OBJC_ROOT_CLASS = YES_ERROR;
				CLANG_WARN_QUOTED_INCLUDE_IN_FRAMEWORK_HEADER = YES;
				CLANG_WARN_RANGE_LOOP_ANALYSIS = YES;
				CLANG_WARN_STRICT_PROTOTYPES = YES;
				CLANG_WARN_SUSPICIOUS_MOVE = YES;
				CLANG_WARN_UNGUARDED_AVAILABILITY = YES_AGGRESSIVE;
				CLANG_WARN_UNREACHABLE_CODE = YES;
				CLANG_WARN__DUPLICATE_METHOD_MATCH = YES;
				COPY_PHASE_STRIP = NO;
				DEBUG_INFORMATION_FORMAT = "dwarf-with-dsym";
				DEVELOPMENT_TEAM = 26VBLN4THK;
				ENABLE_NS_ASSERTIONS = NO;
				ENABLE_STRICT_OBJC_MSGSEND = YES;
				ENABLE_USER_SCRIPT_SANDBOXING = YES;
				GCC_C_LANGUAGE_STANDARD = gnu17;
				GCC_NO_COMMON_BLOCKS = YES;
				GCC_WARN_64_TO_32_BIT_CONVERSION = YES;
				GCC_WARN_ABOUT_RETURN_TYPE = YES_ERROR;
				GCC_WARN_UNDECLARED_SELECTOR = YES;
				GCC_WARN_UNINITIALIZED_AUTOS = YES_AGGRESSIVE;
				GCC_WARN_UNUSED_FUNCTION = YES;
				GCC_WARN_UNUSED_VARIABLE = YES;
				LOCALIZATION_PREFERS_STRING_CATALOGS = YES;
				MACOSX_DEPLOYMENT_TARGET = 15.5;
				MTL_ENABLE_DEBUG_INFO = NO;
				MTL_FAST_MATH = YES;
				SDKROOT = macosx;
				SWIFT_COMPILATION_MODE = wholemodule;
			};
			name = Release;
		};
		EDBE3EC12E5A300300827392 /* Debug */ = {
			isa = XCBuildConfiguration;
			buildSettings = {
				ASSETCATALOG_COMPILER_APPICON_NAME = AppIcon;
				ASSETCATALOG_COMPILER_GLOBAL_ACCENT_COLOR_NAME = AccentColor;
				CODE_SIGN_ENTITLEMENTS = timetracker/timetracker.entitlements;
				CODE_SIGN_STYLE = Automatic;
				COMBINE_HIDPI_IMAGES = YES;
				CURRENT_PROJECT_VERSION = 1;
				DEVELOPMENT_TEAM = 26VBLN4THK;
				ENABLE_HARDENED_RUNTIME = YES;
				ENABLE_PREVIEWS = YES;
				GENERATE_INFOPLIST_FILE = YES;
				INFOPLIST_KEY_NSHumanReadableCopyright = "";
				LD_RUNPATH_SEARCH_PATHS = (
					"$(inherited)",
					"@executable_path/../Frameworks",
				);
				MARKETING_VERSION = 1.0;
				PRODUCT_BUNDLE_IDENTIFIER = com.itsammar.timetracker;
				PRODUCT_NAME = "$(TARGET_NAME)";
				REGISTER_APP_GROUPS = YES;
				SWIFT_EMIT_LOC_STRINGS = YES;
				SWIFT_VERSION = 5.0;
			};
			name = Debug;
		};
		EDBE3EC22E5A300300827392 /* Release */ = {
			isa = XCBuildConfiguration;
			buildSettings = {
				ASSETCATALOG_COMPILER_APPICON_NAME = AppIcon;
				ASSETCATALOG_COMPILER_GLOBAL_ACCENT_COLOR_NAME = AccentColor;
				CODE_SIGN_ENTITLEMENTS = timetracker/timetracker.entitlements;
				CODE_SIGN_STYLE = Automatic;
				COMBINE_HIDPI_IMAGES = YES;
				CURRENT_PROJECT_VERSION = 1;
				DEVELOPMENT_TEAM = 26VBLN4THK;
				ENABLE_HARDENED_RUNTIME = YES;
				ENABLE_PREVIEWS = YES;
				GENERATE_INFOPLIST_FILE = YES;
				INFOPLIST_KEY_NSHumanReadableCopyright = "";
				LD_RUNPATH_SEARCH_PATHS = (
					"$(inherited)",
					"@executable_path/../Frameworks",
				);
				MARKETING_VERSION = 1.0;
				PRODUCT_BUNDLE_IDENTIFIER = com.itsammar.timetracker;
				PRODUCT_NAME = "$(TARGET_NAME)";
				REGISTER_APP_GROUPS = YES;
				SWIFT_EMIT_LOC_STRINGS = YES;
				SWIFT_VERSION = 5.0;
			};
			name = Release;
		};
/* End XCBuildConfiguration section */

/* Begin XCConfigurationList section */
		EDBE3EAF2E5A300000827392 /* Build configuration list for PBXProject "timetracker" */ = {
			isa = XCConfigurationList;
			buildConfigurations = (
				EDBE3EBE2E5A300300827392 /* Debug */,
				EDBE3EBF2E5A300300827392 /* Release */,
			);
			defaultConfigurationIsVisible = 0;
			defaultConfigurationName = Release;
		};
		EDBE3EC02E5A300300827392 /* Build configuration list for PBXNativeTarget "timetracker" */ = {
			isa = XCConfigurationList;
			buildConfigurations = (
				EDBE3EC12E5A300300827392 /* Debug */,
				EDBE3EC22E5A300300827392 /* Release */,
			);
			defaultConfigurationIsVisible = 0;
			defaultConfigurationName = Release;
		};
/* End XCConfigurationList section */

/* Begin XCRemoteSwiftPackageReference section */
		EDBE3ED52E5A331E00827392 /* XCRemoteSwiftPackageReference "firebase-ios-sdk" */ = {
			isa = XCRemoteSwiftPackageReference;
			repositoryURL = "https://github.com/firebase/firebase-ios-sdk";
			requirement = {
				kind = upToNextMajorVersion;
				minimumVersion = 12.1.0;
			};
		};
/* End XCRemoteSwiftPackageReference section */

/* Begin XCSwiftPackageProductDependency section */
		EDBE3ED62E5A331E00827392 /* FirebaseAuth */ = {
			isa = XCSwiftPackageProductDependency;
			package = EDBE3ED52E5A331E00827392 /* XCRemoteSwiftPackageReference "firebase-ios-sdk" */;
			productName = FirebaseAuth;
		};
		EDBE3ED82E5A331E00827392 /* FirebaseAuthCombine-Community */ = {
			isa = XCSwiftPackageProductDependency;
			package = EDBE3ED52E5A331E00827392 /* XCRemoteSwiftPackageReference "firebase-ios-sdk" */;
			productName = "FirebaseAuthCombine-Community";
		};
		EDBE3EDA2E5A331E00827392 /* FirebaseCore */ = {
			isa = XCSwiftPackageProductDependency;
			package = EDBE3ED52E5A331E00827392 /* XCRemoteSwiftPackageReference "firebase-ios-sdk" */;
			productName = FirebaseCore;
		};
		EDBE3EDC2E5A331E00827392 /* FirebaseFirestore */ = {
			isa = XCSwiftPackageProductDependency;
			package = EDBE3ED52E5A331E00827392 /* XCRemoteSwiftPackageReference "firebase-ios-sdk" */;
			productName = FirebaseFirestore;
		};
		EDBE3EDE2E5A331E00827392 /* FirebaseFirestoreCombine-Community */ = {
			isa = XCSwiftPackageProductDependency;
			package = EDBE3ED52E5A331E00827392 /* XCRemoteSwiftPackageReference "firebase-ios-sdk" */;
			productName = "FirebaseFirestoreCombine-Community";
		};
		EDBE3EE02E5A331E00827392 /* FirebaseFunctions */ = {
			isa = XCSwiftPackageProductDependency;
			package = EDBE3ED52E5A331E00827392 /* XCRemoteSwiftPackageReference "firebase-ios-sdk" */;
			productName = FirebaseFunctions;
		};
		EDBE3EE22E5A331E00827392 /* FirebaseStorage */ = {
			isa = XCSwiftPackageProductDependency;
			package = EDBE3ED52E5A331E00827392 /* XCRemoteSwiftPackageReference "firebase-ios-sdk" */;
			productName = FirebaseStorage;
		};
		EDBE3EE42E5A331E00827392 /* FirebaseStorageCombine-Community */ = {
			isa = XCSwiftPackageProductDependency;
			package = EDBE3ED52E5A331E00827392 /* XCRemoteSwiftPackageReference "firebase-ios-sdk" */;
			productName = "FirebaseStorageCombine-Community";
		};
/* End XCSwiftPackageProductDependency section */
	};
	rootObject = EDBE3EAC2E5A300000827392 /* Project object */;
}
